// !$*UTF8*$!
{
	archiveVersion = 1;
	classes = {
	};
	objectVersion = 55;
	objects = {

/* Begin PBXBuildFile section */
		CA9D5D9C27EC4FEC002353C8 /* SwiftUI_tutorial_1App.swift in Sources */ = {isa = PBXBuildFile; fileRef = CA9D5D9B27EC4FEC002353C8 /* SwiftUI_tutorial_1App.swift */; };
		CA9D5D9E27EC4FEC002353C8 /* ContentView.swift in Sources */ = {isa = PBXBuildFile; fileRef = CA9D5D9D27EC4FEC002353C8 /* ContentView.swift */; };
		CA9D5DA027EC4FEC002353C8 /* Assets.xcassets in Resources */ = {isa = PBXBuildFile; fileRef = CA9D5D9F27EC4FEC002353C8 /* Assets.xcassets */; };
		CA9D5DA327EC4FEC002353C8 /* Preview Assets.xcassets in Resources */ = {isa = PBXBuildFile; fileRef = CA9D5DA227EC4FEC002353C8 /* Preview Assets.xcassets */; };
		CA9D5DAD27EC4FEC002353C8 /* SwiftUI_tutorial_1Tests.swift in Sources */ = {isa = PBXBuildFile; fileRef = CA9D5DAC27EC4FEC002353C8 /* SwiftUI_tutorial_1Tests.swift */; };
		CA9D5DB727EC4FEC002353C8 /* SwiftUI_tutorial_1UITests.swift in Sources */ = {isa = PBXBuildFile; fileRef = CA9D5DB627EC4FEC002353C8 /* SwiftUI_tutorial_1UITests.swift */; };
		CA9D5DB927EC4FEC002353C8 /* SwiftUI_tutorial_1UITestsLaunchTests.swift in Sources */ = {isa = PBXBuildFile; fileRef = CA9D5DB827EC4FEC002353C8 /* SwiftUI_tutorial_1UITestsLaunchTests.swift */; };
/* End PBXBuildFile section */

/* Begin PBXContainerItemProxy section */
		CA9D5DA927EC4FEC002353C8 /* PBXContainerItemProxy */ = {
			isa = PBXContainerItemProxy;
			containerPortal = CA9D5D9027EC4FEC002353C8 /* Project object */;
			proxyType = 1;
			remoteGlobalIDString = CA9D5D9727EC4FEC002353C8;
			remoteInfo = "SwiftUI_tutorial#1";
		};
		CA9D5DB327EC4FEC002353C8 /* PBXContainerItemProxy */ = {
			isa = PBXContainerItemProxy;
			containerPortal = CA9D5D9027EC4FEC002353C8 /* Project object */;
			proxyType = 1;
			remoteGlobalIDString = CA9D5D9727EC4FEC002353C8;
			remoteInfo = "SwiftUI_tutorial#1";
		};
/* End PBXContainerItemProxy section */

/* Begin PBXFileReference section */
		CA9D5D9827EC4FEC002353C8 /* SwiftUI_tutorial#1.app */ = {isa = PBXFileReference; explicitFileType = wrapper.application; includeInIndex = 0; path = "SwiftUI_tutorial#1.app"; sourceTree = BUILT_PRODUCTS_DIR; };
		CA9D5D9B27EC4FEC002353C8 /* SwiftUI_tutorial_1App.swift */ = {isa = PBXFileReference; lastKnownFileType = sourcecode.swift; path = SwiftUI_tutorial_1App.swift; sourceTree = "<group>"; };
		CA9D5D9D27EC4FEC002353C8 /* ContentView.swift */ = {isa = PBXFileReference; lastKnownFileType = sourcecode.swift; path = ContentView.swift; sourceTree = "<group>"; };
		CA9D5D9F27EC4FEC002353C8 /* Assets.xcassets */ = {isa = PBXFileReference; lastKnownFileType = folder.assetcatalog; path = Assets.xcassets; sourceTree = "<group>"; };
		CA9D5DA227EC4FEC002353C8 /* Preview Assets.xcassets */ = {isa = PBXFileReference; lastKnownFileType = folder.assetcatalog; path = "Preview Assets.xcassets"; sourceTree = "<group>"; };
		CA9D5DA827EC4FEC002353C8 /* SwiftUI_tutorial#1Tests.xctest */ = {isa = PBXFileReference; explicitFileType = wrapper.cfbundle; includeInIndex = 0; path = "SwiftUI_tutorial#1Tests.xctest"; sourceTree = BUILT_PRODUCTS_DIR; };
		CA9D5DAC27EC4FEC002353C8 /* SwiftUI_tutorial_1Tests.swift */ = {isa = PBXFileReference; lastKnownFileType = sourcecode.swift; path = SwiftUI_tutorial_1Tests.swift; sourceTree = "<group>"; };
		CA9D5DB227EC4FEC002353C8 /* SwiftUI_tutorial#1UITests.xctest */ = {isa = PBXFileReference; explicitFileType = wrapper.cfbundle; includeInIndex = 0; path = "SwiftUI_tutorial#1UITests.xctest"; sourceTree = BUILT_PRODUCTS_DIR; };
		CA9D5DB627EC4FEC002353C8 /* SwiftUI_tutorial_1UITests.swift */ = {isa = PBXFileReference; lastKnownFileType = sourcecode.swift; path = SwiftUI_tutorial_1UITests.swift; sourceTree = "<group>"; };
		CA9D5DB827EC4FEC002353C8 /* SwiftUI_tutorial_1UITestsLaunchTests.swift */ = {isa = PBXFileReference; lastKnownFileType = sourcecode.swift; path = SwiftUI_tutorial_1UITestsLaunchTests.swift; sourceTree = "<group>"; };
/* End PBXFileReference section */

/* Begin PBXFrameworksBuildPhase section */
		CA9D5D9527EC4FEC002353C8 /* Frameworks */ = {
			isa = PBXFrameworksBuildPhase;
			buildActionMask = 2147483647;
			files = (
			);
			runOnlyForDeploymentPostprocessing = 0;
		};
		CA9D5DA527EC4FEC002353C8 /* Frameworks */ = {
			isa = PBXFrameworksBuildPhase;
			buildActionMask = 2147483647;
			files = (
			);
			runOnlyForDeploymentPostprocessing = 0;
		};
		CA9D5DAF27EC4FEC002353C8 /* Frameworks */ = {
			isa = PBXFrameworksBuildPhase;
			buildActionMask = 2147483647;
			files = (
			);
			runOnlyForDeploymentPostprocessing = 0;
		};
/* End PBXFrameworksBuildPhase section */

/* Begin PBXGroup section */
		CA9D5D8F27EC4FEC002353C8 = {
			isa = PBXGroup;
			children = (
				CA9D5D9A27EC4FEC002353C8 /* SwiftUI_tutorial#1 */,
				CA9D5DAB27EC4FEC002353C8 /* SwiftUI_tutorial#1Tests */,
				CA9D5DB527EC4FEC002353C8 /* SwiftUI_tutorial#1UITests */,
				CA9D5D9927EC4FEC002353C8 /* Products */,
			);
			sourceTree = "<group>";
		};
		CA9D5D9927EC4FEC002353C8 /* Products */ = {
			isa = PBXGroup;
			children = (
				CA9D5D9827EC4FEC002353C8 /* SwiftUI_tutorial#1.app */,
				CA9D5DA827EC4FEC002353C8 /* SwiftUI_tutorial#1Tests.xctest */,
				CA9D5DB227EC4FEC002353C8 /* SwiftUI_tutorial#1UITests.xctest */,
			);
			name = Products;
			sourceTree = "<group>";
		};
		CA9D5D9A27EC4FEC002353C8 /* SwiftUI_tutorial#1 */ = {
			isa = PBXGroup;
			children = (
				CA9D5D9B27EC4FEC002353C8 /* SwiftUI_tutorial_1App.swift */,
				CA9D5D9D27EC4FEC002353C8 /* ContentView.swift */,
				CA9D5D9F27EC4FEC002353C8 /* Assets.xcassets */,
				CA9D5DA127EC4FEC002353C8 /* Preview Content */,
			);
			path = "SwiftUI_tutorial#1";
			sourceTree = "<group>";
		};
		CA9D5DA127EC4FEC002353C8 /* Preview Content */ = {
			isa = PBXGroup;
			children = (
				CA9D5DA227EC4FEC002353C8 /* Preview Assets.xcassets */,
			);
			path = "Preview Content";
			sourceTree = "<group>";
		};
		CA9D5DAB27EC4FEC002353C8 /* SwiftUI_tutorial#1Tests */ = {
			isa = PBXGroup;
			children = (
				CA9D5DAC27EC4FEC002353C8 /* SwiftUI_tutorial_1Tests.swift */,
			);
			path = "SwiftUI_tutorial#1Tests";
			sourceTree = "<group>";
		};
		CA9D5DB527EC4FEC002353C8 /* SwiftUI_tutorial#1UITests */ = {
			isa = PBXGroup;
			children = (
				CA9D5DB627EC4FEC002353C8 /* SwiftUI_tutorial_1UITests.swift */,
				CA9D5DB827EC4FEC002353C8 /* SwiftUI_tutorial_1UITestsLaunchTests.swift */,
			);
			path = "SwiftUI_tutorial#1UITests";
			sourceTree = "<group>";
		};
/* End PBXGroup section */

/* Begin PBXNativeTarget section */
		CA9D5D9727EC4FEC002353C8 /* SwiftUI_tutorial#1 */ = {
			isa = PBXNativeTarget;
			buildConfigurationList = CA9D5DBC27EC4FEC002353C8 /* Build configuration list for PBXNativeTarget "SwiftUI_tutorial#1" */;
			buildPhases = (
				CA9D5D9427EC4FEC002353C8 /* Sources */,
				CA9D5D9527EC4FEC002353C8 /* Frameworks */,
				CA9D5D9627EC4FEC002353C8 /* Resources */,
			);
			buildRules = (
			);
			dependencies = (
			);
			name = "SwiftUI_tutorial#1";
			productName = "SwiftUI_tutorial#1";
			productReference = CA9D5D9827EC4FEC002353C8 /* SwiftUI_tutorial#1.app */;
			productType = "com.apple.product-type.application";
		};
		CA9D5DA727EC4FEC002353C8 /* SwiftUI_tutorial#1Tests */ = {
			isa = PBXNativeTarget;
			buildConfigurationList = CA9D5DBF27EC4FEC002353C8 /* Build configuration list for PBXNativeTarget "SwiftUI_tutorial#1Tests" */;
			buildPhases = (
				CA9D5DA427EC4FEC002353C8 /* Sources */,
				CA9D5DA527EC4FEC002353C8 /* Frameworks */,
				CA9D5DA627EC4FEC002353C8 /* Resources */,
			);
			buildRules = (
			);
			dependencies = (
				CA9D5DAA27EC4FEC002353C8 /* PBXTargetDependency */,
			);
			name = "SwiftUI_tutorial#1Tests";
			productName = "SwiftUI_tutorial#1Tests";
			productReference = CA9D5DA827EC4FEC002353C8 /* SwiftUI_tutorial#1Tests.xctest */;
			productType = "com.apple.product-type.bundle.unit-test";
		};
		CA9D5DB127EC4FEC002353C8 /* SwiftUI_tutorial#1UITests */ = {
			isa = PBXNativeTarget;
			buildConfigurationList = CA9D5DC227EC4FEC002353C8 /* Build configuration list for PBXNativeTarget "SwiftUI_tutorial#1UITests" */;
			buildPhases = (
				CA9D5DAE27EC4FEC002353C8 /* Sources */,
				CA9D5DAF27EC4FEC002353C8 /* Frameworks */,
				CA9D5DB027EC4FEC002353C8 /* Resources */,
			);
			buildRules = (
			);
			dependencies = (
				CA9D5DB427EC4FEC002353C8 /* PBXTargetDependency */,
			);
			name = "SwiftUI_tutorial#1UITests";
			productName = "SwiftUI_tutorial#1UITests";
			productReference = CA9D5DB227EC4FEC002353C8 /* SwiftUI_tutorial#1UITests.xctest */;
			productType = "com.apple.product-type.bundle.ui-testing";
		};
/* End PBXNativeTarget section */

/* Begin PBXProject section */
		CA9D5D9027EC4FEC002353C8 /* Project object */ = {
			isa = PBXProject;
			attributes = {
				BuildIndependentTargetsInParallel = 1;
				LastSwiftUpdateCheck = 1320;
				LastUpgradeCheck = 1320;
				TargetAttributes = {
					CA9D5D9727EC4FEC002353C8 = {
						CreatedOnToolsVersion = 13.2.1;
					};
					CA9D5DA727EC4FEC002353C8 = {
						CreatedOnToolsVersion = 13.2.1;
						TestTargetID = CA9D5D9727EC4FEC002353C8;
					};
					CA9D5DB127EC4FEC002353C8 = {
						CreatedOnToolsVersion = 13.2.1;
						TestTargetID = CA9D5D9727EC4FEC002353C8;
					};
				};
			};
			buildConfigurationList = CA9D5D9327EC4FEC002353C8 /* Build configuration list for PBXProject "SwiftUI_tutorial#1" */;
			compatibilityVersion = "Xcode 13.0";
			developmentRegion = en;
			hasScannedForEncodings = 0;
			knownRegions = (
				en,
				Base,
			);
			mainGroup = CA9D5D8F27EC4FEC002353C8;
			productRefGroup = CA9D5D9927EC4FEC002353C8 /* Products */;
			projectDirPath = "";
			projectRoot = "";
			targets = (
				CA9D5D9727EC4FEC002353C8 /* SwiftUI_tutorial#1 */,
				CA9D5DA727EC4FEC002353C8 /* SwiftUI_tutorial#1Tests */,
				CA9D5DB127EC4FEC002353C8 /* SwiftUI_tutorial#1UITests */,
			);
		};
/* End PBXProject section */

/* Begin PBXResourcesBuildPhase section */
		CA9D5D9627EC4FEC002353C8 /* Resources */ = {
			isa = PBXResourcesBuildPhase;
			buildActionMask = 2147483647;
			files = (
				CA9D5DA327EC4FEC002353C8 /* Preview Assets.xcassets in Resources */,
				CA9D5DA027EC4FEC002353C8 /* Assets.xcassets in Resources */,
			);
			runOnlyForDeploymentPostprocessing = 0;
		};
		CA9D5DA627EC4FEC002353C8 /* Resources */ = {
			isa = PBXResourcesBuildPhase;
			buildActionMask = 2147483647;
			files = (
			);
			runOnlyForDeploymentPostprocessing = 0;
		};
		CA9D5DB027EC4FEC002353C8 /* Resources */ = {
			isa = PBXResourcesBuildPhase;
			buildActionMask = 2147483647;
			files = (
			);
			runOnlyForDeploymentPostprocessing = 0;
		};
/* End PBXResourcesBuildPhase section */

/* Begin PBXSourcesBuildPhase section */
		CA9D5D9427EC4FEC002353C8 /* Sources */ = {
			isa = PBXSourcesBuildPhase;
			buildActionMask = 2147483647;
			files = (
				CA9D5D9E27EC4FEC002353C8 /* ContentView.swift in Sources */,
				CA9D5D9C27EC4FEC002353C8 /* SwiftUI_tutorial_1App.swift in Sources */,
			);
			runOnlyForDeploymentPostprocessing = 0;
		};
		CA9D5DA427EC4FEC002353C8 /* Sources */ = {
			isa = PBXSourcesBuildPhase;
			buildActionMask = 2147483647;
			files = (
				CA9D5DAD27EC4FEC002353C8 /* SwiftUI_tutorial_1Tests.swift in Sources */,
			);
			runOnlyForDeploymentPostprocessing = 0;
		};
		CA9D5DAE27EC4FEC002353C8 /* Sources */ = {
			isa = PBXSourcesBuildPhase;
			buildActionMask = 2147483647;
			files = (
				CA9D5DB927EC4FEC002353C8 /* SwiftUI_tutorial_1UITestsLaunchTests.swift in Sources */,
				CA9D5DB727EC4FEC002353C8 /* SwiftUI_tutorial_1UITests.swift in Sources */,
			);
			runOnlyForDeploymentPostprocessing = 0;
		};
/* End PBXSourcesBuildPhase section */

/* Begin PBXTargetDependency section */
		CA9D5DAA27EC4FEC002353C8 /* PBXTargetDependency */ = {
			isa = PBXTargetDependency;
			target = CA9D5D9727EC4FEC002353C8 /* SwiftUI_tutorial#1 */;
			targetProxy = CA9D5DA927EC4FEC002353C8 /* PBXContainerItemProxy */;
		};
		CA9D5DB427EC4FEC002353C8 /* PBXTargetDependency */ = {
			isa = PBXTargetDependency;
			target = CA9D5D9727EC4FEC002353C8 /* SwiftUI_tutorial#1 */;
			targetProxy = CA9D5DB327EC4FEC002353C8 /* PBXContainerItemProxy */;
		};
/* End PBXTargetDependency section */

/* Begin XCBuildConfiguration section */
		CA9D5DBA27EC4FEC002353C8 /* Debug */ = {
			isa = XCBuildConfiguration;
			buildSettings = {
				ALWAYS_SEARCH_USER_PATHS = NO;
				CLANG_ANALYZER_NONNULL = YES;
				CLANG_ANALYZER_NUMBER_OBJECT_CONVERSION = YES_AGGRESSIVE;
				CLANG_CXX_LANGUAGE_STANDARD = "gnu++17";
				CLANG_CXX_LIBRARY = "libc++";
				CLANG_ENABLE_MODULES = YES;
				CLANG_ENABLE_OBJC_ARC = YES;
				CLANG_ENABLE_OBJC_WEAK = YES;
				CLANG_WARN_BLOCK_CAPTURE_AUTORELEASING = YES;
				CLANG_WARN_BOOL_CONVERSION = YES;
				CLANG_WARN_COMMA = YES;
				CLANG_WARN_CONSTANT_CONVERSION = YES;
				CLANG_WARN_DEPRECATED_OBJC_IMPLEMENTATIONS = YES;
				CLANG_WARN_DIRECT_OBJC_ISA_USAGE = YES_ERROR;
				CLANG_WARN_DOCUMENTATION_COMMENTS = YES;
				CLANG_WARN_EMPTY_BODY = YES;
				CLANG_WARN_ENUM_CONVERSION = YES;
				CLANG_WARN_INFINITE_RECURSION = YES;
				CLANG_WARN_INT_CONVERSION = YES;
				CLANG_WARN_NON_LITERAL_NULL_CONVERSION = YES;
				CLANG_WARN_OBJC_IMPLICIT_RETAIN_SELF = YES;
				CLANG_WARN_OBJC_LITERAL_CONVERSION = YES;
				CLANG_WARN_OBJC_ROOT_CLASS = YES_ERROR;
				CLANG_WARN_QUOTED_INCLUDE_IN_FRAMEWORK_HEADER = YES;
				CLANG_WARN_RANGE_LOOP_ANALYSIS = YES;
				CLANG_WARN_STRICT_PROTOTYPES = YES;
				CLANG_WARN_SUSPICIOUS_MOVE = YES;
				CLANG_WARN_UNGUARDED_AVAILABILITY = YES_AGGRESSIVE;
				CLANG_WARN_UNREACHABLE_CODE = YES;
				CLANG_WARN__DUPLICATE_METHOD_MATCH = YES;
				COPY_PHASE_STRIP = NO;
				DEBUG_INFORMATION_FORMAT = dwarf;
				ENABLE_STRICT_OBJC_MSGSEND = YES;
				ENABLE_TESTABILITY = YES;
				GCC_C_LANGUAGE_STANDARD = gnu11;
				GCC_DYNAMIC_NO_PIC = NO;
				GCC_NO_COMMON_BLOCKS = YES;
				GCC_OPTIMIZATION_LEVEL = 0;
				GCC_PREPROCESSOR_DEFINITIONS = (
					"DEBUG=1",
					"$(inherited)",
				);
				GCC_WARN_64_TO_32_BIT_CONVERSION = YES;
				GCC_WARN_ABOUT_RETURN_TYPE = YES_ERROR;
				GCC_WARN_UNDECLARED_SELECTOR = YES;
				GCC_WARN_UNINITIALIZED_AUTOS = YES_AGGRESSIVE;
				GCC_WARN_UNUSED_FUNCTION = YES;
				GCC_WARN_UNUSED_VARIABLE = YES;
				IPHONEOS_DEPLOYMENT_TARGET = 15.2;
				MTL_ENABLE_DEBUG_INFO = INCLUDE_SOURCE;
				MTL_FAST_MATH = YES;
				ONLY_ACTIVE_ARCH = YES;
				SDKROOT = iphoneos;
				SWIFT_ACTIVE_COMPILATION_CONDITIONS = DEBUG;
				SWIFT_OPTIMIZATION_LEVEL = "-Onone";
			};
			name = Debug;
		};
		CA9D5DBB27EC4FEC002353C8 /* Release */ = {
			isa = XCBuildConfiguration;
			buildSettings = {
				ALWAYS_SEARCH_USER_PATHS = NO;
				CLANG_ANALYZER_NONNULL = YES;
				CLANG_ANALYZER_NUMBER_OBJECT_CONVERSION = YES_AGGRESSIVE;
				CLANG_CXX_LANGUAGE_STANDARD = "gnu++17";
				CLANG_CXX_LIBRARY = "libc++";
				CLANG_ENABLE_MODULES = YES;
				CLANG_ENABLE_OBJC_ARC = YES;
				CLANG_ENABLE_OBJC_WEAK = YES;
				CLANG_WARN_BLOCK_CAPTURE_AUTORELEASING = YES;
				CLANG_WARN_BOOL_CONVERSION = YES;
				CLANG_WARN_COMMA = YES;
				CLANG_WARN_CONSTANT_CONVERSION = YES;
				CLANG_WARN_DEPRECATED_OBJC_IMPLEMENTATIONS = YES;
				CLANG_WARN_DIRECT_OBJC_ISA_USAGE = YES_ERROR;
				CLANG_WARN_DOCUMENTATION_COMMENTS = YES;
				CLANG_WARN_EMPTY_BODY = YES;
				CLANG_WARN_ENUM_CONVERSION = YES;
				CLANG_WARN_INFINITE_RECURSION = YES;
				CLANG_WARN_INT_CONVERSION = YES;
				CLANG_WARN_NON_LITERAL_NULL_CONVERSION = YES;
				CLANG_WARN_OBJC_IMPLICIT_RETAIN_SELF = YES;
				CLANG_WARN_OBJC_LITERAL_CONVERSION = YES;
				CLANG_WARN_OBJC_ROOT_CLASS = YES_ERROR;
				CLANG_WARN_QUOTED_INCLUDE_IN_FRAMEWORK_HEADER = YES;
				CLANG_WARN_RANGE_LOOP_ANALYSIS = YES;
				CLANG_WARN_STRICT_PROTOTYPES = YES;
				CLANG_WARN_SUSPICIOUS_MOVE = YES;
				CLANG_WARN_UNGUARDED_AVAILABILITY = YES_AGGRESSIVE;
				CLANG_WARN_UNREACHABLE_CODE = YES;
				CLANG_WARN__DUPLICATE_METHOD_MATCH = YES;
				COPY_PHASE_STRIP = NO;
				DEBUG_INFORMATION_FORMAT = "dwarf-with-dsym";
				ENABLE_NS_ASSERTIONS = NO;
				ENABLE_STRICT_OBJC_MSGSEND = YES;
				GCC_C_LANGUAGE_STANDARD = gnu11;
				GCC_NO_COMMON_BLOCKS = YES;
				GCC_WARN_64_TO_32_BIT_CONVERSION = YES;
				GCC_WARN_ABOUT_RETURN_TYPE = YES_ERROR;
				GCC_WARN_UNDECLARED_SELECTOR = YES;
				GCC_WARN_UNINITIALIZED_AUTOS = YES_AGGRESSIVE;
				GCC_WARN_UNUSED_FUNCTION = YES;
				GCC_WARN_UNUSED_VARIABLE = YES;
				IPHONEOS_DEPLOYMENT_TARGET = 15.2;
				MTL_ENABLE_DEBUG_INFO = NO;
				MTL_FAST_MATH = YES;
				SDKROOT = iphoneos;
				SWIFT_COMPILATION_MODE = wholemodule;
				SWIFT_OPTIMIZATION_LEVEL = "-O";
				VALIDATE_PRODUCT = YES;
			};
			name = Release;
		};
		CA9D5DBD27EC4FEC002353C8 /* Debug */ = {
			isa = XCBuildConfiguration;
			buildSettings = {
				ASSETCATALOG_COMPILER_APPICON_NAME = AppIcon;
				ASSETCATALOG_COMPILER_GLOBAL_ACCENT_COLOR_NAME = AccentColor;
				CODE_SIGN_STYLE = Automatic;
				CURRENT_PROJECT_VERSION = 1;
				DEVELOPMENT_ASSET_PATHS = "\"SwiftUI_tutorial#1/Preview Content\"";
				ENABLE_PREVIEWS = YES;
				GENERATE_INFOPLIST_FILE = YES;
				INFOPLIST_KEY_UIApplicationSceneManifest_Generation = YES;
				INFOPLIST_KEY_UIApplicationSupportsIndirectInputEvents = YES;
				INFOPLIST_KEY_UILaunchScreen_Generation = YES;
				INFOPLIST_KEY_UISupportedInterfaceOrientations_iPad = "UIInterfaceOrientationPortrait UIInterfaceOrientationPortraitUpsideDown UIInterfaceOrientationLandscapeLeft UIInterfaceOrientationLandscapeRight";
				INFOPLIST_KEY_UISupportedInterfaceOrientations_iPhone = "UIInterfaceOrientationPortrait UIInterfaceOrientationLandscapeLeft UIInterfaceOrientationLandscapeRight";
				LD_RUNPATH_SEARCH_PATHS = (
					"$(inherited)",
					"@executable_path/Frameworks",
				);
				MARKETING_VERSION = 1.0;
				PRODUCT_BUNDLE_IDENTIFIER = "com.SpaceJin.SwiftUI-tutorial-1";
				PRODUCT_NAME = "$(TARGET_NAME)";
				SWIFT_EMIT_LOC_STRINGS = YES;
				SWIFT_VERSION = 5.0;
				TARGETED_DEVICE_FAMILY = "1,2";
			};
			name = Debug;
		};
		CA9D5DBE27EC4FEC002353C8 /* Release */ = {
			isa = XCBuildConfiguration;
			buildSettings = {
				ASSETCATALOG_COMPILER_APPICON_NAME = AppIcon;
				ASSETCATALOG_COMPILER_GLOBAL_ACCENT_COLOR_NAME = AccentColor;
				CODE_SIGN_STYLE = Automatic;
				CURRENT_PROJECT_VERSION = 1;
				DEVELOPMENT_ASSET_PATHS = "\"SwiftUI_tutorial#1/Preview Content\"";
				ENABLE_PREVIEWS = YES;
				GENERATE_INFOPLIST_FILE = YES;
				INFOPLIST_KEY_UIApplicationSceneManifest_Generation = YES;
				INFOPLIST_KEY_UIApplicationSupportsIndirectInputEvents = YES;
				INFOPLIST_KEY_UILaunchScreen_Generation = YES;
				INFOPLIST_KEY_UISupportedInterfaceOrientations_iPad = "UIInterfaceOrientationPortrait UIInterfaceOrientationPortraitUpsideDown UIInterfaceOrientationLandscapeLeft UIInterfaceOrientationLandscapeRight";
				INFOPLIST_KEY_UISupportedInterfaceOrientations_iPhone = "UIInterfaceOrientationPortrait UIInterfaceOrientationLandscapeLeft UIInterfaceOrientationLandscapeRight";
				LD_RUNPATH_SEARCH_PATHS = (
					"$(inherited)",
					"@executable_path/Frameworks",
				);
				MARKETING_VERSION = 1.0;
				PRODUCT_BUNDLE_IDENTIFIER = "com.SpaceJin.SwiftUI-tutorial-1";
				PRODUCT_NAME = "$(TARGET_NAME)";
				SWIFT_EMIT_LOC_STRINGS = YES;
				SWIFT_VERSION = 5.0;
				TARGETED_DEVICE_FAMILY = "1,2";
			};
			name = Release;
		};
		CA9D5DC027EC4FEC002353C8 /* Debug */ = {
			isa = XCBuildConfiguration;
			buildSettings = {
				ALWAYS_EMBED_SWIFT_STANDARD_LIBRARIES = YES;
				BUNDLE_LOADER = "$(TEST_HOST)";
				CODE_SIGN_STYLE = Automatic;
				CURRENT_PROJECT_VERSION = 1;
				GENERATE_INFOPLIST_FILE = YES;
				IPHONEOS_DEPLOYMENT_TARGET = 15.2;
				MARKETING_VERSION = 1.0;
				PRODUCT_BUNDLE_IDENTIFIER = "com.SpaceJin.SwiftUI-tutorial-1Tests";
				PRODUCT_NAME = "$(TARGET_NAME)";
				SWIFT_EMIT_LOC_STRINGS = NO;
				SWIFT_VERSION = 5.0;
				TARGETED_DEVICE_FAMILY = "1,2";
				TEST_HOST = "$(BUILT_PRODUCTS_DIR)/SwiftUI_tutorial#1.app/SwiftUI_tutorial#1";
			};
			name = Debug;
		};
		CA9D5DC127EC4FEC002353C8 /* Release */ = {
			isa = XCBuildConfiguration;
			buildSettings = {
				ALWAYS_EMBED_SWIFT_STANDARD_LIBRARIES = YES;
				BUNDLE_LOADER = "$(TEST_HOST)";
				CODE_SIGN_STYLE = Automatic;
				CURRENT_PROJECT_VERSION = 1;
				GENERATE_INFOPLIST_FILE = YES;
				IPHONEOS_DEPLOYMENT_TARGET = 15.2;
				MARKETING_VERSION = 1.0;
				PRODUCT_BUNDLE_IDENTIFIER = "com.SpaceJin.SwiftUI-tutorial-1Tests";
				PRODUCT_NAME = "$(TARGET_NAME)";
				SWIFT_EMIT_LOC_STRINGS = NO;
				SWIFT_VERSION = 5.0;
				TARGETED_DEVICE_FAMILY = "1,2";
				TEST_HOST = "$(BUILT_PRODUCTS_DIR)/SwiftUI_tutorial#1.app/SwiftUI_tutorial#1";
			};
			name = Release;
		};
		CA9D5DC327EC4FEC002353C8 /* Debug */ = {
			isa = XCBuildConfiguration;
			buildSettings = {
				ALWAYS_EMBED_SWIFT_STANDARD_LIBRARIES = YES;
				CODE_SIGN_STYLE = Automatic;
				CURRENT_PROJECT_VERSION = 1;
				GENERATE_INFOPLIST_FILE = YES;
				MARKETING_VERSION = 1.0;
				PRODUCT_BUNDLE_IDENTIFIER = "com.SpaceJin.SwiftUI-tutorial-1UITests";
				PRODUCT_NAME = "$(TARGET_NAME)";
				SWIFT_EMIT_LOC_STRINGS = NO;
				SWIFT_VERSION = 5.0;
				TARGETED_DEVICE_FAMILY = "1,2";
				TEST_TARGET_NAME = "SwiftUI_tutorial#1";
			};
			name = Debug;
		};
		CA9D5DC427EC4FEC002353C8 /* Release */ = {
			isa = XCBuildConfiguration;
			buildSettings = {
				ALWAYS_EMBED_SWIFT_STANDARD_LIBRARIES = YES;
				CODE_SIGN_STYLE = Automatic;
				CURRENT_PROJECT_VERSION = 1;
				GENERATE_INFOPLIST_FILE = YES;
				MARKETING_VERSION = 1.0;
				PRODUCT_BUNDLE_IDENTIFIER = "com.SpaceJin.SwiftUI-tutorial-1UITests";
				PRODUCT_NAME = "$(TARGET_NAME)";
				SWIFT_EMIT_LOC_STRINGS = NO;
				SWIFT_VERSION = 5.0;
				TARGETED_DEVICE_FAMILY = "1,2";
				TEST_TARGET_NAME = "SwiftUI_tutorial#1";
			};
			name = Release;
		};
/* End XCBuildConfiguration section */

/* Begin XCConfigurationList section */
		CA9D5D9327EC4FEC002353C8 /* Build configuration list for PBXProject "SwiftUI_tutorial#1" */ = {
			isa = XCConfigurationList;
			buildConfigurations = (
				CA9D5DBA27EC4FEC002353C8 /* Debug */,
				CA9D5DBB27EC4FEC002353C8 /* Release */,
			);
			defaultConfigurationIsVisible = 0;
			defaultConfigurationName = Release;
		};
		CA9D5DBC27EC4FEC002353C8 /* Build configuration list for PBXNativeTarget "SwiftUI_tutorial#1" */ = {
			isa = XCConfigurationList;
			buildConfigurations = (
				CA9D5DBD27EC4FEC002353C8 /* Debug */,
				CA9D5DBE27EC4FEC002353C8 /* Release */,
			);
			defaultConfigurationIsVisible = 0;
			defaultConfigurationName = Release;
		};
		CA9D5DBF27EC4FEC002353C8 /* Build configuration list for PBXNativeTarget "SwiftUI_tutorial#1Tests" */ = {
			isa = XCConfigurationList;
			buildConfigurations = (
				CA9D5DC027EC4FEC002353C8 /* Debug */,
				CA9D5DC127EC4FEC002353C8 /* Release */,
			);
			defaultConfigurationIsVisible = 0;
			defaultConfigurationName = Release;
		};
		CA9D5DC227EC4FEC002353C8 /* Build configuration list for PBXNativeTarget "SwiftUI_tutorial#1UITests" */ = {
			isa = XCConfigurationList;
			buildConfigurations = (
				CA9D5DC327EC4FEC002353C8 /* Debug */,
				CA9D5DC427EC4FEC002353C8 /* Release */,
			);
			defaultConfigurationIsVisible = 0;
			defaultConfigurationName = Release;
		};
/* End XCConfigurationList section */
	};
	rootObject = CA9D5D9027EC4FEC002353C8 /* Project object */;
}
